// !$*UTF8*$!
{
	archiveVersion = 1;
	classes = {
	};
	objectVersion = 77;
	objects = {

/* Begin PBXBuildFile section */
		1D0AAC3F2F2C00A0003A1BA8 /* UIKit.framework in Frameworks */ = {isa = PBXBuildFile; fileRef = 1D0AAC3E2F2C00A0003A1BA8 /* UIKit.framework */; platformFilters = (ios, xros, ); };
		1D6151B42F25266700ECCBCF /* Vision.framework in Frameworks */ = {isa = PBXBuildFile; fileRef = 1D6151B32F25266700ECCBCF /* Vision.framework */; };
		1D6151B62F25267700ECCBCF /* SwiftData.framework in Frameworks */ = {isa = PBXBuildFile; fileRef = 1D6151B52F25267700ECCBCF /* SwiftData.framework */; };
		1D6151B82F25268B00ECCBCF /* CoreML.framework in Frameworks */ = {isa = PBXBuildFile; fileRef = 1D6151B72F25268B00ECCBCF /* CoreML.framework */; };
		1D6151BD2F25282600ECCBCF /* FirebaseAnalytics in Frameworks */ = {isa = PBXBuildFile; productRef = 1D6151BC2F25282600ECCBCF /* FirebaseAnalytics */; };
		1D6151BF2F25282600ECCBCF /* FirebaseAuth in Frameworks */ = {isa = PBXBuildFile; productRef = 1D6151BE2F25282600ECCBCF /* FirebaseAuth */; };
		1D6151C12F25282600ECCBCF /* FirebaseCore in Frameworks */ = {isa = PBXBuildFile; productRef = 1D6151C02F25282600ECCBCF /* FirebaseCore */; };
		1D6151C32F25282600ECCBCF /* FirebaseFirestore in Frameworks */ = {isa = PBXBuildFile; productRef = 1D6151C22F25282600ECCBCF /* FirebaseFirestore */; };
		1D6151C52F25282600ECCBCF /* FirebaseStorage in Frameworks */ = {isa = PBXBuildFile; productRef = 1D6151C42F25282600ECCBCF /* FirebaseStorage */; };
		33ADDFFE2F43D38D0026E25E /* GoogleService-Info.plist in Resources */ = {isa = PBXBuildFile; fileRef = 33ADDFFD2F43D38D0026E25E /* GoogleService-Info.plist */; };
/* End PBXBuildFile section */

/* Begin PBXContainerItemProxy section */
		1D6151962F25232800ECCBCF /* PBXContainerItemProxy */ = {
			isa = PBXContainerItemProxy;
			containerPortal = 1D61517E2F25232700ECCBCF /* Project object */;
			proxyType = 1;
			remoteGlobalIDString = 1D6151852F25232700ECCBCF;
			remoteInfo = "Talking Fingers";
		};
		1D6151A02F25232800ECCBCF /* PBXContainerItemProxy */ = {
			isa = PBXContainerItemProxy;
			containerPortal = 1D61517E2F25232700ECCBCF /* Project object */;
			proxyType = 1;
			remoteGlobalIDString = 1D6151852F25232700ECCBCF;
			remoteInfo = "Talking Fingers";
		};
/* End PBXContainerItemProxy section */

/* Begin PBXFileReference section */
		1D0AAC3E2F2C00A0003A1BA8 /* UIKit.framework */ = {isa = PBXFileReference; lastKnownFileType = wrapper.framework; name = UIKit.framework; path = Platforms/iPhoneOS.platform/Developer/SDKs/iPhoneOS26.2.sdk/System/Library/Frameworks/UIKit.framework; sourceTree = DEVELOPER_DIR; };
		1D6151862F25232700ECCBCF /* Talking Fingers.app */ = {isa = PBXFileReference; explicitFileType = wrapper.application; includeInIndex = 0; path = "Talking Fingers.app"; sourceTree = BUILT_PRODUCTS_DIR; };
		1D6151952F25232800ECCBCF /* Talking FingersTests.xctest */ = {isa = PBXFileReference; explicitFileType = wrapper.cfbundle; includeInIndex = 0; path = "Talking FingersTests.xctest"; sourceTree = BUILT_PRODUCTS_DIR; };
		1D61519F2F25232800ECCBCF /* Talking FingersUITests.xctest */ = {isa = PBXFileReference; explicitFileType = wrapper.cfbundle; includeInIndex = 0; path = "Talking FingersUITests.xctest"; sourceTree = BUILT_PRODUCTS_DIR; };
		1D6151B32F25266700ECCBCF /* Vision.framework */ = {isa = PBXFileReference; lastKnownFileType = wrapper.framework; name = Vision.framework; path = Platforms/iPhoneOS.platform/Developer/SDKs/iPhoneOS26.2.sdk/System/Library/Frameworks/Vision.framework; sourceTree = DEVELOPER_DIR; };
		1D6151B52F25267700ECCBCF /* SwiftData.framework */ = {isa = PBXFileReference; lastKnownFileType = wrapper.framework; name = SwiftData.framework; path = Platforms/iPhoneOS.platform/Developer/SDKs/iPhoneOS26.2.sdk/System/Library/Frameworks/SwiftData.framework; sourceTree = DEVELOPER_DIR; };
		1D6151B72F25268B00ECCBCF /* CoreML.framework */ = {isa = PBXFileReference; lastKnownFileType = wrapper.framework; name = CoreML.framework; path = Platforms/iPhoneOS.platform/Developer/SDKs/iPhoneOS26.2.sdk/System/Library/Frameworks/CoreML.framework; sourceTree = DEVELOPER_DIR; };
		33ADDFFD2F43D38D0026E25E /* GoogleService-Info.plist */ = {isa = PBXFileReference; lastKnownFileType = text.plist.xml; path = "GoogleService-Info.plist"; sourceTree = "<group>"; };
/* End PBXFileReference section */

/* Begin PBXFileSystemSynchronizedRootGroup section */
		1D6151882F25232700ECCBCF /* Talking Fingers */ = {
			isa = PBXFileSystemSynchronizedRootGroup;
			path = "Talking Fingers";
			sourceTree = "<group>";
		};
		1D6151982F25232800ECCBCF /* Talking FingersTests */ = {
			isa = PBXFileSystemSynchronizedRootGroup;
			path = "Talking FingersTests";
			sourceTree = "<group>";
		};
		1D6151A22F25232800ECCBCF /* Talking FingersUITests */ = {
			isa = PBXFileSystemSynchronizedRootGroup;
			path = "Talking FingersUITests";
			sourceTree = "<group>";
		};
/* End PBXFileSystemSynchronizedRootGroup section */

/* Begin PBXFrameworksBuildPhase section */
		1D6151832F25232700ECCBCF /* Frameworks */ = {
			isa = PBXFrameworksBuildPhase;
			buildActionMask = 2147483647;
			files = (
				1D6151B62F25267700ECCBCF /* SwiftData.framework in Frameworks */,
				1D0AAC3F2F2C00A0003A1BA8 /* UIKit.framework in Frameworks */,
				1D6151BF2F25282600ECCBCF /* FirebaseAuth in Frameworks */,
				1D6151B42F25266700ECCBCF /* Vision.framework in Frameworks */,
				1D6151BD2F25282600ECCBCF /* FirebaseAnalytics in Frameworks */,
				1D6151C12F25282600ECCBCF /* FirebaseCore in Frameworks */,
				1D6151C52F25282600ECCBCF /* FirebaseStorage in Frameworks */,
				1D6151B82F25268B00ECCBCF /* CoreML.framework in Frameworks */,
				1D6151C32F25282600ECCBCF /* FirebaseFirestore in Frameworks */,
			);
			runOnlyForDeploymentPostprocessing = 0;
		};
		1D6151922F25232800ECCBCF /* Frameworks */ = {
			isa = PBXFrameworksBuildPhase;
			buildActionMask = 2147483647;
			files = (
			);
			runOnlyForDeploymentPostprocessing = 0;
		};
		1D61519C2F25232800ECCBCF /* Frameworks */ = {
			isa = PBXFrameworksBuildPhase;
			buildActionMask = 2147483647;
			files = (
			);
			runOnlyForDeploymentPostprocessing = 0;
		};
/* End PBXFrameworksBuildPhase section */

/* Begin PBXGroup section */
		1D61517D2F25232700ECCBCF = {
			isa = PBXGroup;
			children = (
				33ADDFFD2F43D38D0026E25E /* GoogleService-Info.plist */,
				1D6151882F25232700ECCBCF /* Talking Fingers */,
				1D6151982F25232800ECCBCF /* Talking FingersTests */,
				1D6151A22F25232800ECCBCF /* Talking FingersUITests */,
				1D6151B22F25266700ECCBCF /* Frameworks */,
				1D6151872F25232700ECCBCF /* Products */,
			);
			sourceTree = "<group>";
		};
		1D6151872F25232700ECCBCF /* Products */ = {
			isa = PBXGroup;
			children = (
				1D6151862F25232700ECCBCF /* Talking Fingers.app */,
				1D6151952F25232800ECCBCF /* Talking FingersTests.xctest */,
				1D61519F2F25232800ECCBCF /* Talking FingersUITests.xctest */,
			);
			name = Products;
			sourceTree = "<group>";
		};
		1D6151B22F25266700ECCBCF /* Frameworks */ = {
			isa = PBXGroup;
			children = (
				1D0AAC3E2F2C00A0003A1BA8 /* UIKit.framework */,
				1D6151B72F25268B00ECCBCF /* CoreML.framework */,
				1D6151B52F25267700ECCBCF /* SwiftData.framework */,
				1D6151B32F25266700ECCBCF /* Vision.framework */,
			);
			name = Frameworks;
			sourceTree = "<group>";
		};
/* End PBXGroup section */

/* Begin PBXNativeTarget section */
		1D6151852F25232700ECCBCF /* Talking Fingers */ = {
			isa = PBXNativeTarget;
			buildConfigurationList = 1D6151A92F25232800ECCBCF /* Build configuration list for PBXNativeTarget "Talking Fingers" */;
			buildPhases = (
				1D6151822F25232700ECCBCF /* Sources */,
				1D6151832F25232700ECCBCF /* Frameworks */,
				1D6151842F25232700ECCBCF /* Resources */,
			);
			buildRules = (
			);
			dependencies = (
			);
			fileSystemSynchronizedGroups = (
				1D6151882F25232700ECCBCF /* Talking Fingers */,
			);
			name = "Talking Fingers";
			packageProductDependencies = (
				1D6151BC2F25282600ECCBCF /* FirebaseAnalytics */,
				1D6151BE2F25282600ECCBCF /* FirebaseAuth */,
				1D6151C02F25282600ECCBCF /* FirebaseCore */,
				1D6151C22F25282600ECCBCF /* FirebaseFirestore */,
				1D6151C42F25282600ECCBCF /* FirebaseStorage */,
			);
			productName = "Talking Fingers";
			productReference = 1D6151862F25232700ECCBCF /* Talking Fingers.app */;
			productType = "com.apple.product-type.application";
		};
		1D6151942F25232800ECCBCF /* Talking FingersTests */ = {
			isa = PBXNativeTarget;
			buildConfigurationList = 1D6151AC2F25232800ECCBCF /* Build configuration list for PBXNativeTarget "Talking FingersTests" */;
			buildPhases = (
				1D6151912F25232800ECCBCF /* Sources */,
				1D6151922F25232800ECCBCF /* Frameworks */,
				1D6151932F25232800ECCBCF /* Resources */,
			);
			buildRules = (
			);
			dependencies = (
				1D6151972F25232800ECCBCF /* PBXTargetDependency */,
			);
			fileSystemSynchronizedGroups = (
				1D6151982F25232800ECCBCF /* Talking FingersTests */,
			);
			name = "Talking FingersTests";
			packageProductDependencies = (
			);
			productName = "Talking FingersTests";
			productReference = 1D6151952F25232800ECCBCF /* Talking FingersTests.xctest */;
			productType = "com.apple.product-type.bundle.unit-test";
		};
		1D61519E2F25232800ECCBCF /* Talking FingersUITests */ = {
			isa = PBXNativeTarget;
			buildConfigurationList = 1D6151AF2F25232800ECCBCF /* Build configuration list for PBXNativeTarget "Talking FingersUITests" */;
			buildPhases = (
				1D61519B2F25232800ECCBCF /* Sources */,
				1D61519C2F25232800ECCBCF /* Frameworks */,
				1D61519D2F25232800ECCBCF /* Resources */,
			);
			buildRules = (
			);
			dependencies = (
				1D6151A12F25232800ECCBCF /* PBXTargetDependency */,
			);
			fileSystemSynchronizedGroups = (
				1D6151A22F25232800ECCBCF /* Talking FingersUITests */,
			);
			name = "Talking FingersUITests";
			packageProductDependencies = (
			);
			productName = "Talking FingersUITests";
			productReference = 1D61519F2F25232800ECCBCF /* Talking FingersUITests.xctest */;
			productType = "com.apple.product-type.bundle.ui-testing";
		};
/* End PBXNativeTarget section */

/* Begin PBXProject section */
		1D61517E2F25232700ECCBCF /* Project object */ = {
			isa = PBXProject;
			attributes = {
				BuildIndependentTargetsInParallel = 1;
				LastSwiftUpdateCheck = 2620;
				LastUpgradeCheck = 2620;
				TargetAttributes = {
					1D6151852F25232700ECCBCF = {
						CreatedOnToolsVersion = 26.2;
					};
					1D6151942F25232800ECCBCF = {
						CreatedOnToolsVersion = 26.2;
						TestTargetID = 1D6151852F25232700ECCBCF;
					};
					1D61519E2F25232800ECCBCF = {
						CreatedOnToolsVersion = 26.2;
						TestTargetID = 1D6151852F25232700ECCBCF;
					};
				};
			};
			buildConfigurationList = 1D6151812F25232700ECCBCF /* Build configuration list for PBXProject "Talking Fingers" */;
			developmentRegion = en;
			hasScannedForEncodings = 0;
			knownRegions = (
				en,
				Base,
			);
			mainGroup = 1D61517D2F25232700ECCBCF;
			minimizedProjectReferenceProxies = 1;
			packageReferences = (
				1D6151BB2F25282600ECCBCF /* XCRemoteSwiftPackageReference "firebase-ios-sdk" */,
			);
			preferredProjectObjectVersion = 77;
			productRefGroup = 1D6151872F25232700ECCBCF /* Products */;
			projectDirPath = "";
			projectRoot = "";
			targets = (
				1D6151852F25232700ECCBCF /* Talking Fingers */,
				1D6151942F25232800ECCBCF /* Talking FingersTests */,
				1D61519E2F25232800ECCBCF /* Talking FingersUITests */,
			);
		};
/* End PBXProject section */

/* Begin PBXResourcesBuildPhase section */
		1D6151842F25232700ECCBCF /* Resources */ = {
			isa = PBXResourcesBuildPhase;
			buildActionMask = 2147483647;
			files = (
				33ADDFFE2F43D38D0026E25E /* GoogleService-Info.plist in Resources */,
			);
			runOnlyForDeploymentPostprocessing = 0;
		};
		1D6151932F25232800ECCBCF /* Resources */ = {
			isa = PBXResourcesBuildPhase;
			buildActionMask = 2147483647;
			files = (
			);
			runOnlyForDeploymentPostprocessing = 0;
		};
		1D61519D2F25232800ECCBCF /* Resources */ = {
			isa = PBXResourcesBuildPhase;
			buildActionMask = 2147483647;
			files = (
			);
			runOnlyForDeploymentPostprocessing = 0;
		};
/* End PBXResourcesBuildPhase section */

/* Begin PBXSourcesBuildPhase section */
		1D6151822F25232700ECCBCF /* Sources */ = {
			isa = PBXSourcesBuildPhase;
			buildActionMask = 2147483647;
			files = (
			);
			runOnlyForDeploymentPostprocessing = 0;
		};
		1D6151912F25232800ECCBCF /* Sources */ = {
			isa = PBXSourcesBuildPhase;
			buildActionMask = 2147483647;
			files = (
			);
			runOnlyForDeploymentPostprocessing = 0;
		};
		1D61519B2F25232800ECCBCF /* Sources */ = {
			isa = PBXSourcesBuildPhase;
			buildActionMask = 2147483647;
			files = (
			);
			runOnlyForDeploymentPostprocessing = 0;
		};
/* End PBXSourcesBuildPhase section */

/* Begin PBXTargetDependency section */
		1D6151972F25232800ECCBCF /* PBXTargetDependency */ = {
			isa = PBXTargetDependency;
			target = 1D6151852F25232700ECCBCF /* Talking Fingers */;
			targetProxy = 1D6151962F25232800ECCBCF /* PBXContainerItemProxy */;
		};
		1D6151A12F25232800ECCBCF /* PBXTargetDependency */ = {
			isa = PBXTargetDependency;
			target = 1D6151852F25232700ECCBCF /* Talking Fingers */;
			targetProxy = 1D6151A02F25232800ECCBCF /* PBXContainerItemProxy */;
		};
/* End PBXTargetDependency section */

/* Begin XCBuildConfiguration section */
		1D6151A72F25232800ECCBCF /* Debug */ = {
			isa = XCBuildConfiguration;
			buildSettings = {
				ALWAYS_SEARCH_USER_PATHS = NO;
				ASSETCATALOG_COMPILER_GENERATE_SWIFT_ASSET_SYMBOL_EXTENSIONS = YES;
				CLANG_ANALYZER_NONNULL = YES;
				CLANG_ANALYZER_NUMBER_OBJECT_CONVERSION = YES_AGGRESSIVE;
				CLANG_CXX_LANGUAGE_STANDARD = "gnu++20";
				CLANG_ENABLE_MODULES = YES;
				CLANG_ENABLE_OBJC_ARC = YES;
				CLANG_ENABLE_OBJC_WEAK = YES;
				CLANG_WARN_BLOCK_CAPTURE_AUTORELEASING = YES;
				CLANG_WARN_BOOL_CONVERSION = YES;
				CLANG_WARN_COMMA = YES;
				CLANG_WARN_CONSTANT_CONVERSION = YES;
				CLANG_WARN_DEPRECATED_OBJC_IMPLEMENTATIONS = YES;
				CLANG_WARN_DIRECT_OBJC_ISA_USAGE = YES_ERROR;
				CLANG_WARN_DOCUMENTATION_COMMENTS = YES;
				CLANG_WARN_EMPTY_BODY = YES;
				CLANG_WARN_ENUM_CONVERSION = YES;
				CLANG_WARN_INFINITE_RECURSION = YES;
				CLANG_WARN_INT_CONVERSION = YES;
				CLANG_WARN_NON_LITERAL_NULL_CONVERSION = YES;
				CLANG_WARN_OBJC_IMPLICIT_RETAIN_SELF = YES;
				CLANG_WARN_OBJC_LITERAL_CONVERSION = YES;
				CLANG_WARN_OBJC_ROOT_CLASS = YES_ERROR;
				CLANG_WARN_QUOTED_INCLUDE_IN_FRAMEWORK_HEADER = YES;
				CLANG_WARN_RANGE_LOOP_ANALYSIS = YES;
				CLANG_WARN_STRICT_PROTOTYPES = YES;
				CLANG_WARN_SUSPICIOUS_MOVE = YES;
				CLANG_WARN_UNGUARDED_AVAILABILITY = YES_AGGRESSIVE;
				CLANG_WARN_UNREACHABLE_CODE = YES;
				CLANG_WARN__DUPLICATE_METHOD_MATCH = YES;
				COPY_PHASE_STRIP = NO;
				DEBUG_INFORMATION_FORMAT = dwarf;
				DEVELOPMENT_TEAM = V86YQ472JY;
				ENABLE_STRICT_OBJC_MSGSEND = YES;
				ENABLE_TESTABILITY = YES;
				ENABLE_USER_SCRIPT_SANDBOXING = YES;
				GCC_C_LANGUAGE_STANDARD = gnu17;
				GCC_DYNAMIC_NO_PIC = NO;
				GCC_NO_COMMON_BLOCKS = YES;
				GCC_OPTIMIZATION_LEVEL = 0;
				GCC_PREPROCESSOR_DEFINITIONS = (
					"DEBUG=1",
					"$(inherited)",
				);
				GCC_WARN_64_TO_32_BIT_CONVERSION = YES;
				GCC_WARN_ABOUT_RETURN_TYPE = YES_ERROR;
				GCC_WARN_UNDECLARED_SELECTOR = YES;
				GCC_WARN_UNINITIALIZED_AUTOS = YES_AGGRESSIVE;
				GCC_WARN_UNUSED_FUNCTION = YES;
				GCC_WARN_UNUSED_VARIABLE = YES;
				LOCALIZATION_PREFERS_STRING_CATALOGS = YES;
				MTL_ENABLE_DEBUG_INFO = INCLUDE_SOURCE;
				MTL_FAST_MATH = YES;
				ONLY_ACTIVE_ARCH = YES;
				SWIFT_ACTIVE_COMPILATION_CONDITIONS = "DEBUG $(inherited)";
				SWIFT_OPTIMIZATION_LEVEL = "-Onone";
			};
			name = Debug;
		};
		1D6151A82F25232800ECCBCF /* Release */ = {
			isa = XCBuildConfiguration;
			buildSettings = {
				ALWAYS_SEARCH_USER_PATHS = NO;
				ASSETCATALOG_COMPILER_GENERATE_SWIFT_ASSET_SYMBOL_EXTENSIONS = YES;
				CLANG_ANALYZER_NONNULL = YES;
				CLANG_ANALYZER_NUMBER_OBJECT_CONVERSION = YES_AGGRESSIVE;
				CLANG_CXX_LANGUAGE_STANDARD = "gnu++20";
				CLANG_ENABLE_MODULES = YES;
				CLANG_ENABLE_OBJC_ARC = YES;
				CLANG_ENABLE_OBJC_WEAK = YES;
				CLANG_WARN_BLOCK_CAPTURE_AUTORELEASING = YES;
				CLANG_WARN_BOOL_CONVERSION = YES;
				CLANG_WARN_COMMA = YES;
				CLANG_WARN_CONSTANT_CONVERSION = YES;
				CLANG_WARN_DEPRECATED_OBJC_IMPLEMENTATIONS = YES;
				CLANG_WARN_DIRECT_OBJC_ISA_USAGE = YES_ERROR;
				CLANG_WARN_DOCUMENTATION_COMMENTS = YES;
				CLANG_WARN_EMPTY_BODY = YES;
				CLANG_WARN_ENUM_CONVERSION = YES;
				CLANG_WARN_INFINITE_RECURSION = YES;
				CLANG_WARN_INT_CONVERSION = YES;
				CLANG_WARN_NON_LITERAL_NULL_CONVERSION = YES;
				CLANG_WARN_OBJC_IMPLICIT_RETAIN_SELF = YES;
				CLANG_WARN_OBJC_LITERAL_CONVERSION = YES;
				CLANG_WARN_OBJC_ROOT_CLASS = YES_ERROR;
				CLANG_WARN_QUOTED_INCLUDE_IN_FRAMEWORK_HEADER = YES;
				CLANG_WARN_RANGE_LOOP_ANALYSIS = YES;
				CLANG_WARN_STRICT_PROTOTYPES = YES;
				CLANG_WARN_SUSPICIOUS_MOVE = YES;
				CLANG_WARN_UNGUARDED_AVAILABILITY = YES_AGGRESSIVE;
				CLANG_WARN_UNREACHABLE_CODE = YES;
				CLANG_WARN__DUPLICATE_METHOD_MATCH = YES;
				COPY_PHASE_STRIP = NO;
				DEBUG_INFORMATION_FORMAT = "dwarf-with-dsym";
				DEVELOPMENT_TEAM = V86YQ472JY;
				ENABLE_NS_ASSERTIONS = NO;
				ENABLE_STRICT_OBJC_MSGSEND = YES;
				ENABLE_USER_SCRIPT_SANDBOXING = YES;
				GCC_C_LANGUAGE_STANDARD = gnu17;
				GCC_NO_COMMON_BLOCKS = YES;
				GCC_WARN_64_TO_32_BIT_CONVERSION = YES;
				GCC_WARN_ABOUT_RETURN_TYPE = YES_ERROR;
				GCC_WARN_UNDECLARED_SELECTOR = YES;
				GCC_WARN_UNINITIALIZED_AUTOS = YES_AGGRESSIVE;
				GCC_WARN_UNUSED_FUNCTION = YES;
				GCC_WARN_UNUSED_VARIABLE = YES;
				LOCALIZATION_PREFERS_STRING_CATALOGS = YES;
				MTL_ENABLE_DEBUG_INFO = NO;
				MTL_FAST_MATH = YES;
				SWIFT_COMPILATION_MODE = wholemodule;
			};
			name = Release;
		};
		1D6151AA2F25232800ECCBCF /* Debug */ = {
			isa = XCBuildConfiguration;
			buildSettings = {
				ASSETCATALOG_COMPILER_APPICON_NAME = AppIcon;
				ASSETCATALOG_COMPILER_GLOBAL_ACCENT_COLOR_NAME = AccentColor;
				CODE_SIGN_ENTITLEMENTS = "Talking Fingers/Talking Fingers.entitlements";
				CODE_SIGN_IDENTITY = "Apple Development";
				CODE_SIGN_STYLE = Automatic;
				CURRENT_PROJECT_VERSION = 1;
				DEVELOPMENT_TEAM = V86YQ472JY;
				ENABLE_APP_SANDBOX = YES;
				ENABLE_HARDENED_RUNTIME = YES;
				ENABLE_INCOMING_NETWORK_CONNECTIONS = YES;
				ENABLE_OUTGOING_NETWORK_CONNECTIONS = YES;
				ENABLE_PREVIEWS = YES;
				ENABLE_RESOURCE_ACCESS_AUDIO_INPUT = NO;
				ENABLE_RESOURCE_ACCESS_BLUETOOTH = NO;
				ENABLE_RESOURCE_ACCESS_CALENDARS = NO;
				ENABLE_RESOURCE_ACCESS_CAMERA = YES;
				ENABLE_RESOURCE_ACCESS_CONTACTS = NO;
				ENABLE_RESOURCE_ACCESS_LOCATION = NO;
				ENABLE_RESOURCE_ACCESS_PRINTING = NO;
				ENABLE_RESOURCE_ACCESS_USB = NO;
				ENABLE_USER_SELECTED_FILES = readonly;
				GENERATE_INFOPLIST_FILE = YES;
				INFOPLIST_FILE = "Talking-Fingers-Info.plist";
				INFOPLIST_KEY_CFBundleDisplayName = "";
				INFOPLIST_KEY_LSApplicationCategoryType = "";
				INFOPLIST_KEY_NSCameraUsageDescription = "We need to use the camera to track your signing";
				"INFOPLIST_KEY_UIApplicationSceneManifest_Generation[sdk=iphoneos*]" = YES;
				"INFOPLIST_KEY_UIApplicationSceneManifest_Generation[sdk=iphonesimulator*]" = YES;
				"INFOPLIST_KEY_UIApplicationSupportsIndirectInputEvents[sdk=iphoneos*]" = YES;
				"INFOPLIST_KEY_UIApplicationSupportsIndirectInputEvents[sdk=iphonesimulator*]" = YES;
				"INFOPLIST_KEY_UILaunchScreen_Generation[sdk=iphoneos*]" = YES;
				"INFOPLIST_KEY_UILaunchScreen_Generation[sdk=iphonesimulator*]" = YES;
				"INFOPLIST_KEY_UIStatusBarStyle[sdk=iphoneos*]" = UIStatusBarStyleDefault;
				"INFOPLIST_KEY_UIStatusBarStyle[sdk=iphonesimulator*]" = UIStatusBarStyleDefault;
				INFOPLIST_KEY_UISupportedInterfaceOrientations_iPad = "UIInterfaceOrientationPortrait UIInterfaceOrientationPortraitUpsideDown UIInterfaceOrientationLandscapeLeft UIInterfaceOrientationLandscapeRight";
				INFOPLIST_KEY_UISupportedInterfaceOrientations_iPhone = "UIInterfaceOrientationPortrait UIInterfaceOrientationLandscapeLeft UIInterfaceOrientationLandscapeRight";
				INFOPLIST_KEY_UIUserInterfaceStyle = Light;
				IPHONEOS_DEPLOYMENT_TARGET = 18.6;
				LD_RUNPATH_SEARCH_PATHS = "@executable_path/Frameworks";
				"LD_RUNPATH_SEARCH_PATHS[sdk=macosx*]" = "@executable_path/../Frameworks";
				MACOSX_DEPLOYMENT_TARGET = 26.0;
				MARKETING_VERSION = 1.0;
				PRODUCT_BUNDLE_IDENTIFIER = "com.talking-fingers.app";
				PRODUCT_NAME = "$(TARGET_NAME)";
				PROVISIONING_PROFILE_SPECIFIER = "";
				REGISTER_APP_GROUPS = YES;
				SDKROOT = auto;
				STRING_CATALOG_GENERATE_SYMBOLS = YES;
				SUPPORTED_PLATFORMS = "iphoneos iphonesimulator macosx";
				SUPPORTS_MACCATALYST = NO;
				SWIFT_APPROACHABLE_CONCURRENCY = YES;
				SWIFT_DEFAULT_ACTOR_ISOLATION = MainActor;
				SWIFT_EMIT_LOC_STRINGS = YES;
				SWIFT_UPCOMING_FEATURE_MEMBER_IMPORT_VISIBILITY = YES;
				SWIFT_VERSION = 5.0;
				TARGETED_DEVICE_FAMILY = 1;
				XROS_DEPLOYMENT_TARGET = 26.2;
			};
			name = Debug;
		};
		1D6151AB2F25232800ECCBCF /* Release */ = {
			isa = XCBuildConfiguration;
			buildSettings = {
				ASSETCATALOG_COMPILER_APPICON_NAME = AppIcon;
				ASSETCATALOG_COMPILER_GLOBAL_ACCENT_COLOR_NAME = AccentColor;
				CODE_SIGN_ENTITLEMENTS = "Talking Fingers/Talking Fingers.entitlements";
				CODE_SIGN_IDENTITY = "Apple Development";
				CODE_SIGN_STYLE = Automatic;
				CURRENT_PROJECT_VERSION = 1;
				DEVELOPMENT_TEAM = V86YQ472JY;
				ENABLE_APP_SANDBOX = YES;
				ENABLE_HARDENED_RUNTIME = YES;
				ENABLE_INCOMING_NETWORK_CONNECTIONS = YES;
				ENABLE_OUTGOING_NETWORK_CONNECTIONS = YES;
				ENABLE_PREVIEWS = YES;
				ENABLE_RESOURCE_ACCESS_AUDIO_INPUT = NO;
				ENABLE_RESOURCE_ACCESS_BLUETOOTH = NO;
				ENABLE_RESOURCE_ACCESS_CALENDARS = NO;
				ENABLE_RESOURCE_ACCESS_CAMERA = YES;
				ENABLE_RESOURCE_ACCESS_CONTACTS = NO;
				ENABLE_RESOURCE_ACCESS_LOCATION = NO;
				ENABLE_RESOURCE_ACCESS_PRINTING = NO;
				ENABLE_RESOURCE_ACCESS_USB = NO;
				ENABLE_USER_SELECTED_FILES = readonly;
				GENERATE_INFOPLIST_FILE = YES;
				INFOPLIST_FILE = "Talking-Fingers-Info.plist";
				INFOPLIST_KEY_CFBundleDisplayName = "";
				INFOPLIST_KEY_LSApplicationCategoryType = "";
				INFOPLIST_KEY_NSCameraUsageDescription = "We need to use the camera to track your signing";
				"INFOPLIST_KEY_UIApplicationSceneManifest_Generation[sdk=iphoneos*]" = YES;
				"INFOPLIST_KEY_UIApplicationSceneManifest_Generation[sdk=iphonesimulator*]" = YES;
				"INFOPLIST_KEY_UIApplicationSupportsIndirectInputEvents[sdk=iphoneos*]" = YES;
				"INFOPLIST_KEY_UIApplicationSupportsIndirectInputEvents[sdk=iphonesimulator*]" = YES;
				"INFOPLIST_KEY_UILaunchScreen_Generation[sdk=iphoneos*]" = YES;
				"INFOPLIST_KEY_UILaunchScreen_Generation[sdk=iphonesimulator*]" = YES;
				"INFOPLIST_KEY_UIStatusBarStyle[sdk=iphoneos*]" = UIStatusBarStyleDefault;
				"INFOPLIST_KEY_UIStatusBarStyle[sdk=iphonesimulator*]" = UIStatusBarStyleDefault;
				INFOPLIST_KEY_UISupportedInterfaceOrientations_iPad = "UIInterfaceOrientationPortrait UIInterfaceOrientationPortraitUpsideDown UIInterfaceOrientationLandscapeLeft UIInterfaceOrientationLandscapeRight";
				INFOPLIST_KEY_UISupportedInterfaceOrientations_iPhone = "UIInterfaceOrientationPortrait UIInterfaceOrientationLandscapeLeft UIInterfaceOrientationLandscapeRight";
				INFOPLIST_KEY_UIUserInterfaceStyle = Light;
				IPHONEOS_DEPLOYMENT_TARGET = 18.6;
				LD_RUNPATH_SEARCH_PATHS = "@executable_path/Frameworks";
				"LD_RUNPATH_SEARCH_PATHS[sdk=macosx*]" = "@executable_path/../Frameworks";
				MACOSX_DEPLOYMENT_TARGET = 26.0;
				MARKETING_VERSION = 1.0;
				PRODUCT_BUNDLE_IDENTIFIER = "com.talking-fingers.app";
				PRODUCT_NAME = "$(TARGET_NAME)";
				PROVISIONING_PROFILE_SPECIFIER = "";
				REGISTER_APP_GROUPS = YES;
				SDKROOT = auto;
				STRING_CATALOG_GENERATE_SYMBOLS = YES;
				SUPPORTED_PLATFORMS = "iphoneos iphonesimulator macosx";
				SUPPORTS_MACCATALYST = NO;
				SWIFT_APPROACHABLE_CONCURRENCY = YES;
				SWIFT_DEFAULT_ACTOR_ISOLATION = MainActor;
				SWIFT_EMIT_LOC_STRINGS = YES;
				SWIFT_UPCOMING_FEATURE_MEMBER_IMPORT_VISIBILITY = YES;
				SWIFT_VERSION = 5.0;
				TARGETED_DEVICE_FAMILY = 1;
				XROS_DEPLOYMENT_TARGET = 26.2;
			};
			name = Release;
		};
		1D6151AD2F25232800ECCBCF /* Debug */ = {
			isa = XCBuildConfiguration;
			buildSettings = {
				BUNDLE_LOADER = "$(TEST_HOST)";
				CODE_SIGN_STYLE = Automatic;
				CURRENT_PROJECT_VERSION = 1;
				DEVELOPMENT_TEAM = "";
				GENERATE_INFOPLIST_FILE = YES;
				IPHONEOS_DEPLOYMENT_TARGET = 26.2;
				MACOSX_DEPLOYMENT_TARGET = 26.2;
				MARKETING_VERSION = 1.0;
				PRODUCT_NAME = "$(TARGET_NAME)";
				SDKROOT = auto;
				STRING_CATALOG_GENERATE_SYMBOLS = NO;
				SUPPORTED_PLATFORMS = "iphoneos iphonesimulator macosx xros xrsimulator";
				SWIFT_APPROACHABLE_CONCURRENCY = YES;
				SWIFT_EMIT_LOC_STRINGS = NO;
				SWIFT_UPCOMING_FEATURE_MEMBER_IMPORT_VISIBILITY = YES;
				SWIFT_VERSION = 5.0;
				TARGETED_DEVICE_FAMILY = "1,2,7";
				TEST_HOST = "$(BUILT_PRODUCTS_DIR)/Talking Fingers.app/$(BUNDLE_EXECUTABLE_FOLDER_PATH)/Talking Fingers";
				XROS_DEPLOYMENT_TARGET = 26.2;
			};
			name = Debug;
		};
		1D6151AE2F25232800ECCBCF /* Release */ = {
			isa = XCBuildConfiguration;
			buildSettings = {
				BUNDLE_LOADER = "$(TEST_HOST)";
				CODE_SIGN_STYLE = Automatic;
				CURRENT_PROJECT_VERSION = 1;
				DEVELOPMENT_TEAM = "";
				GENERATE_INFOPLIST_FILE = YES;
				IPHONEOS_DEPLOYMENT_TARGET = 26.2;
				MACOSX_DEPLOYMENT_TARGET = 26.2;
				MARKETING_VERSION = 1.0;
				PRODUCT_NAME = "$(TARGET_NAME)";
				SDKROOT = auto;
				STRING_CATALOG_GENERATE_SYMBOLS = NO;
				SUPPORTED_PLATFORMS = "iphoneos iphonesimulator macosx xros xrsimulator";
				SWIFT_APPROACHABLE_CONCURRENCY = YES;
				SWIFT_EMIT_LOC_STRINGS = NO;
				SWIFT_UPCOMING_FEATURE_MEMBER_IMPORT_VISIBILITY = YES;
				SWIFT_VERSION = 5.0;
				TARGETED_DEVICE_FAMILY = "1,2,7";
				TEST_HOST = "$(BUILT_PRODUCTS_DIR)/Talking Fingers.app/$(BUNDLE_EXECUTABLE_FOLDER_PATH)/Talking Fingers";
				XROS_DEPLOYMENT_TARGET = 26.2;
			};
			name = Release;
		};
		1D6151B02F25232800ECCBCF /* Debug */ = {
			isa = XCBuildConfiguration;
			buildSettings = {
				CODE_SIGN_STYLE = Automatic;
				CURRENT_PROJECT_VERSION = 1;
				DEVELOPMENT_TEAM = V86YQ472JY;
				GENERATE_INFOPLIST_FILE = YES;
				IPHONEOS_DEPLOYMENT_TARGET = 26.2;
				MACOSX_DEPLOYMENT_TARGET = 26.2;
				MARKETING_VERSION = 1.0;
				PRODUCT_BUNDLE_IDENTIFIER = "com.nikola.Talking-FingersUITests";
				PRODUCT_NAME = "$(TARGET_NAME)";
				SDKROOT = auto;
				STRING_CATALOG_GENERATE_SYMBOLS = NO;
				SUPPORTED_PLATFORMS = "iphoneos iphonesimulator macosx xros xrsimulator";
				SWIFT_APPROACHABLE_CONCURRENCY = YES;
				SWIFT_EMIT_LOC_STRINGS = NO;
				SWIFT_UPCOMING_FEATURE_MEMBER_IMPORT_VISIBILITY = YES;
				SWIFT_VERSION = 5.0;
				TARGETED_DEVICE_FAMILY = "1,2,7";
				TEST_TARGET_NAME = "Talking Fingers";
				XROS_DEPLOYMENT_TARGET = 26.2;
			};
			name = Debug;
		};
		1D6151B12F25232800ECCBCF /* Release */ = {
			isa = XCBuildConfiguration;
			buildSettings = {
				CODE_SIGN_STYLE = Automatic;
				CURRENT_PROJECT_VERSION = 1;
				DEVELOPMENT_TEAM = V86YQ472JY;
				GENERATE_INFOPLIST_FILE = YES;
				IPHONEOS_DEPLOYMENT_TARGET = 26.2;
				MACOSX_DEPLOYMENT_TARGET = 26.2;
				MARKETING_VERSION = 1.0;
				PRODUCT_BUNDLE_IDENTIFIER = "com.nikola.Talking-FingersUITests";
				PRODUCT_NAME = "$(TARGET_NAME)";
				SDKROOT = auto;
				STRING_CATALOG_GENERATE_SYMBOLS = NO;
				SUPPORTED_PLATFORMS = "iphoneos iphonesimulator macosx xros xrsimulator";
				SWIFT_APPROACHABLE_CONCURRENCY = YES;
				SWIFT_EMIT_LOC_STRINGS = NO;
				SWIFT_UPCOMING_FEATURE_MEMBER_IMPORT_VISIBILITY = YES;
				SWIFT_VERSION = 5.0;
				TARGETED_DEVICE_FAMILY = "1,2,7";
				TEST_TARGET_NAME = "Talking Fingers";
				XROS_DEPLOYMENT_TARGET = 26.2;
			};
			name = Release;
		};
/* End XCBuildConfiguration section */

/* Begin XCConfigurationList section */
		1D6151812F25232700ECCBCF /* Build configuration list for PBXProject "Talking Fingers" */ = {
			isa = XCConfigurationList;
			buildConfigurations = (
				1D6151A72F25232800ECCBCF /* Debug */,
				1D6151A82F25232800ECCBCF /* Release */,
			);
			defaultConfigurationIsVisible = 0;
			defaultConfigurationName = Release;
		};
		1D6151A92F25232800ECCBCF /* Build configuration list for PBXNativeTarget "Talking Fingers" */ = {
			isa = XCConfigurationList;
			buildConfigurations = (
				1D6151AA2F25232800ECCBCF /* Debug */,
				1D6151AB2F25232800ECCBCF /* Release */,
			);
			defaultConfigurationIsVisible = 0;
			defaultConfigurationName = Release;
		};
		1D6151AC2F25232800ECCBCF /* Build configuration list for PBXNativeTarget "Talking FingersTests" */ = {
			isa = XCConfigurationList;
			buildConfigurations = (
				1D6151AD2F25232800ECCBCF /* Debug */,
				1D6151AE2F25232800ECCBCF /* Release */,
			);
			defaultConfigurationIsVisible = 0;
			defaultConfigurationName = Release;
		};
		1D6151AF2F25232800ECCBCF /* Build configuration list for PBXNativeTarget "Talking FingersUITests" */ = {
			isa = XCConfigurationList;
			buildConfigurations = (
				1D6151B02F25232800ECCBCF /* Debug */,
				1D6151B12F25232800ECCBCF /* Release */,
			);
			defaultConfigurationIsVisible = 0;
			defaultConfigurationName = Release;
		};
/* End XCConfigurationList section */

/* Begin XCRemoteSwiftPackageReference section */
		1D6151BB2F25282600ECCBCF /* XCRemoteSwiftPackageReference "firebase-ios-sdk" */ = {
			isa = XCRemoteSwiftPackageReference;
			repositoryURL = "https://github.com/firebase/firebase-ios-sdk";
			requirement = {
				kind = upToNextMajorVersion;
				minimumVersion = 12.8.0;
			};
		};
/* End XCRemoteSwiftPackageReference section */

/* Begin XCSwiftPackageProductDependency section */
		1D6151BC2F25282600ECCBCF /* FirebaseAnalytics */ = {
			isa = XCSwiftPackageProductDependency;
			package = 1D6151BB2F25282600ECCBCF /* XCRemoteSwiftPackageReference "firebase-ios-sdk" */;
			productName = FirebaseAnalytics;
		};
		1D6151BE2F25282600ECCBCF /* FirebaseAuth */ = {
			isa = XCSwiftPackageProductDependency;
			package = 1D6151BB2F25282600ECCBCF /* XCRemoteSwiftPackageReference "firebase-ios-sdk" */;
			productName = FirebaseAuth;
		};
		1D6151C02F25282600ECCBCF /* FirebaseCore */ = {
			isa = XCSwiftPackageProductDependency;
			package = 1D6151BB2F25282600ECCBCF /* XCRemoteSwiftPackageReference "firebase-ios-sdk" */;
			productName = FirebaseCore;
		};
		1D6151C22F25282600ECCBCF /* FirebaseFirestore */ = {
			isa = XCSwiftPackageProductDependency;
			package = 1D6151BB2F25282600ECCBCF /* XCRemoteSwiftPackageReference "firebase-ios-sdk" */;
			productName = FirebaseFirestore;
		};
		1D6151C42F25282600ECCBCF /* FirebaseStorage */ = {
			isa = XCSwiftPackageProductDependency;
			package = 1D6151BB2F25282600ECCBCF /* XCRemoteSwiftPackageReference "firebase-ios-sdk" */;
			productName = FirebaseStorage;
		};
/* End XCSwiftPackageProductDependency section */
	};
	rootObject = 1D61517E2F25232700ECCBCF /* Project object */;
}
